
Microsoft Visual Studio Solution File, Format Version 12.00
# Visual Studio Version 17
VisualStudioVersion = 17.11.35312.102
MinimumVisualStudioVersion = 10.0.40219.1
Project("{FAE04EC0-301F-11D3-BF4B-00C04F79EFBC}") = "QLSV_V1", "QLSV_V1.csproj", "{70895108-0DC2-4EB4-8F3B-ED9D87A90EBD}"
EndProject
Global
	GlobalSection(SolutionConfigurationPlatforms) = preSolution
		Debug|Any CPU = Debug|Any CPU
		Release|Any CPU = Release|Any CPU
	EndGlobalSection
	GlobalSection(ProjectConfigurationPlatforms) = postSolution
		{70895108-0DC2-4EB4-8F3B-ED9D87A90EBD}.Debug|Any CPU.ActiveCfg = Debug|Any CPU
		{70895108-0DC2-4EB4-8F3B-ED9D87A90EBD}.Debug|Any CPU.Build.0 = Debug|Any CPU
		{70895108-0DC2-4EB4-8F3B-ED9D87A90EBD}.Release|Any CPU.ActiveCfg = Release|Any CPU
		{70895108-0DC2-4EB4-8F3B-ED9D87A90EBD}.Release|Any CPU.Build.0 = Release|Any CPU
	EndGlobalSection
	GlobalSection(SolutionProperties) = preSolution
		HideSolutionNode = FALSE
	EndGlobalSection
	GlobalSection(ExtensibilityGlobals) = postSolution
		SolutionGuid = {DC594FAD-E9BF-41A1-A8A9-B0924C5F214C}
	EndGlobalSection
EndGlobal
